{
  "name": "examples",
  "version": "1.0.0",
  "lockfileVersion": 3,
  "requires": true,
  "packages": {
    "": {
      "name": "examples",
      "version": "1.0.0",
      "license": "ISC",
      "dependencies": {
        "@forklaunch/hyper-express": "^0.1.1",
        "@forklaunch/validator": "^0.3.1",
        "@sinclair/typebox": "^0.32.35"
      }
    },
    "../node_modules/.pnpm/@forklaunch+hyper-express@0.1.1_express@4.19.2_openapi3-ts@4.3.3/node_modules/@forklaunch/hyper-express": {
      "version": "0.1.1",
      "license": "MIT",
      "dependencies": {
        "@forklaunch/core": "^0.1.7",
        "@forklaunch/hyper-express-fork": "^6.16.4",
        "live-directory": "^3.0.3",
        "qs": "^6.12.3",
        "swagger-ui-dist": "^5.17.14",
        "swagger-ui-express": "^5.0.1"
      },
      "devDependencies": {
        "@eslint/js": "^9.6.0",
        "@types/jest": "^29.5.12",
        "@types/qs": "^6.9.15",
        "@types/swagger-ui-dist": "^3.30.5",
        "@types/swagger-ui-express": "^4.1.6",
        "kill-port-process": "^3.2.1",
        "prettier": "^3.3.2",
        "ts-jest": "^29.2.0",
        "ts-node": "^10.9.2",
        "typescript": "^5.5.3",
        "typescript-eslint": "^7.16.0"
      }
    },
    "node_modules/@anatine/zod-openapi": {
      "version": "2.2.6",
      "resolved": "https://registry.npmjs.org/@anatine/zod-openapi/-/zod-openapi-2.2.6.tgz",
      "integrity": "sha512-Z5sr2Nq2xifEpPbPdUcvyl776LY652oR3VHMV++WFSmRrRL8RDP2XTkbuGn+vgfVNOD7UrndYwCWnxaiw7IZog==",
      "license": "MIT",
      "dependencies": {
        "ts-deepmerge": "^6.0.3"
      },
      "peerDependencies": {
        "openapi3-ts": "^4.1.2",
        "zod": "^3.20.0"
      }
    },
    "node_modules/@forklaunch/common": {
      "version": "0.1.2",
      "resolved": "https://registry.npmjs.org/@forklaunch/common/-/common-0.1.2.tgz",
      "integrity": "sha512-ThzqAO97Hk5PZYjtDyokoQFG7Ktq5Kjbyr3zRP4LslzOxe+wMPcbrm3wiQDabV2liQR/BZYXYi5m3RkmxlmaeA==",
      "license": "MIT"
    },
    "node_modules/@forklaunch/hyper-express": {
      "resolved": "../node_modules/.pnpm/@forklaunch+hyper-express@0.1.1_express@4.19.2_openapi3-ts@4.3.3/node_modules/@forklaunch/hyper-express",
      "link": true
    },
    "node_modules/@forklaunch/validator": {
      "version": "0.3.1",
      "resolved": "https://registry.npmjs.org/@forklaunch/validator/-/validator-0.3.1.tgz",
      "integrity": "sha512-deGJmQNnmjiAIjO7svBZZwB+hRE8wT9YVNXExOBl/zRG9cCjvkAt8FZ5AWEU3ENcGOZNJvWbathwlXEP+Mr4pQ==",
      "license": "MIT",
      "dependencies": {
        "@anatine/zod-openapi": "^2.2.6",
        "@forklaunch/common": "^0.1.2",
        "@sinclair/typebox": "^0.32.34",
        "zod": "^3.23.8"
      }
    },
    "node_modules/@sinclair/typebox": {
      "version": "0.32.35",
      "resolved": "https://registry.npmjs.org/@sinclair/typebox/-/typebox-0.32.35.tgz",
      "integrity": "sha512-Ul3YyOTU++to8cgNkttakC0dWvpERr6RYoHO2W47DLbFvrwBDJUY31B1sImH6JZSYc4Kt4PyHtoPNu+vL2r2dA==",
      "license": "MIT"
    },
    "node_modules/ts-deepmerge": {
      "version": "6.2.1",
      "resolved": "https://registry.npmjs.org/ts-deepmerge/-/ts-deepmerge-6.2.1.tgz",
      "integrity": "sha512-8CYSLazCyj0DJDpPIxOFzJG46r93uh6EynYjuey+bxcLltBeqZL7DMfaE5ZPzZNFlav7wx+2TDa/mBl8gkTYzw==",
      "license": "ISC",
      "engines": {
        "node": ">=14.13.1"
      }
    },
    "node_modules/zod": {
      "version": "3.23.8",
      "resolved": "https://registry.npmjs.org/zod/-/zod-3.23.8.tgz",
      "integrity": "sha512-XBx9AXhXktjUqnepgTiE5flcKIYWi/rme0Eaj+5Y0lftuGBq+jyRu/md4WnuxqgP1ubdpNCsYEYPxrzVHD8d6g==",
      "license": "MIT",
      "funding": {
        "url": "https://github.com/sponsors/colinhacks"
      }
    }
  }
}
